
Microsoft Visual Studio Solution File, Format Version 12.00
# Visual Studio Version 16
VisualStudioVersion = 16.0.30804.86
MinimumVisualStudioVersion = 10.0.40219.1
Project("{2150E333-8FDC-42A3-9474-1A3956D46DE8}") = "Solution Items", "Solution Items", "{5147D907-504F-4489-B08D-7F0FD7715570}"
	ProjectSection(SolutionItems) = preProject
		README.md = README.md
	EndProjectSection
EndProject
Project("{FAE04EC0-301F-11D3-BF4B-00C04F79EFBC}") = "Membership.BackendApi", "Membership.BackendApi\Membership.BackendApi.csproj", "{9F71A7B8-18CE-4550-97EA-9DAE9D508003}"
EndProject
Project("{FAE04EC0-301F-11D3-BF4B-00C04F79EFBC}") = "Membership.Data", "Membership.Data\Membership.Data.csproj", "{84EBCED4-B80B-4450-9BD5-8CDFBA88334E}"
EndProject
Project("{FAE04EC0-301F-11D3-BF4B-00C04F79EFBC}") = "Membership.ViewModel", "Membership.ViewModel\Membership.ViewModel.csproj", "{9013B14A-78F2-4F55-8BA5-AC20E16EF586}"
EndProject
Project("{FAE04EC0-301F-11D3-BF4B-00C04F79EFBC}") = "Membership.Service", "Membership.Application\Membership.Service.csproj", "{36341ED6-CF2C-49D4-944D-881722215B5B}"
EndProject
Project("{FAE04EC0-301F-11D3-BF4B-00C04F79EFBC}") = "Membership.Utility", "Membership.Utility\Membership.Utility.csproj", "{E5DDCFCB-E64D-4F47-B076-72EC048726D1}"
EndProject
Global
	GlobalSection(SolutionConfigurationPlatforms) = preSolution
		Debug|Any CPU = Debug|Any CPU
		Release|Any CPU = Release|Any CPU
	EndGlobalSection
	GlobalSection(ProjectConfigurationPlatforms) = postSolution
		{9F71A7B8-18CE-4550-97EA-9DAE9D508003}.Debug|Any CPU.ActiveCfg = Debug|Any CPU
		{9F71A7B8-18CE-4550-97EA-9DAE9D508003}.Debug|Any CPU.Build.0 = Debug|Any CPU
		{9F71A7B8-18CE-4550-97EA-9DAE9D508003}.Release|Any CPU.ActiveCfg = Release|Any CPU
		{9F71A7B8-18CE-4550-97EA-9DAE9D508003}.Release|Any CPU.Build.0 = Release|Any CPU
		{84EBCED4-B80B-4450-9BD5-8CDFBA88334E}.Debug|Any CPU.ActiveCfg = Debug|Any CPU
		{84EBCED4-B80B-4450-9BD5-8CDFBA88334E}.Debug|Any CPU.Build.0 = Debug|Any CPU
		{84EBCED4-B80B-4450-9BD5-8CDFBA88334E}.Release|Any CPU.ActiveCfg = Release|Any CPU
		{84EBCED4-B80B-4450-9BD5-8CDFBA88334E}.Release|Any CPU.Build.0 = Release|Any CPU
		{9013B14A-78F2-4F55-8BA5-AC20E16EF586}.Debug|Any CPU.ActiveCfg = Debug|Any CPU
		{9013B14A-78F2-4F55-8BA5-AC20E16EF586}.Debug|Any CPU.Build.0 = Debug|Any CPU
		{9013B14A-78F2-4F55-8BA5-AC20E16EF586}.Release|Any CPU.ActiveCfg = Release|Any CPU
		{9013B14A-78F2-4F55-8BA5-AC20E16EF586}.Release|Any CPU.Build.0 = Release|Any CPU
		{36341ED6-CF2C-49D4-944D-881722215B5B}.Debug|Any CPU.ActiveCfg = Debug|Any CPU
		{36341ED6-CF2C-49D4-944D-881722215B5B}.Debug|Any CPU.Build.0 = Debug|Any CPU
		{36341ED6-CF2C-49D4-944D-881722215B5B}.Release|Any CPU.ActiveCfg = Release|Any CPU
		{36341ED6-CF2C-49D4-944D-881722215B5B}.Release|Any CPU.Build.0 = Release|Any CPU
		{E5DDCFCB-E64D-4F47-B076-72EC048726D1}.Debug|Any CPU.ActiveCfg = Debug|Any CPU
		{E5DDCFCB-E64D-4F47-B076-72EC048726D1}.Debug|Any CPU.Build.0 = Debug|Any CPU
		{E5DDCFCB-E64D-4F47-B076-72EC048726D1}.Release|Any CPU.ActiveCfg = Release|Any CPU
		{E5DDCFCB-E64D-4F47-B076-72EC048726D1}.Release|Any CPU.Build.0 = Release|Any CPU
	EndGlobalSection
	GlobalSection(SolutionProperties) = preSolution
		HideSolutionNode = FALSE
	EndGlobalSection
	GlobalSection(ExtensibilityGlobals) = postSolution
		SolutionGuid = {1F8F4F59-FE70-4D35-9C3B-6893BC6AA936}
	EndGlobalSection
EndGlobal
